
Microsoft Visual Studio Solution File, Format Version 12.00
# Visual Studio Version 16
VisualStudioVersion = 16.0.29306.81
MinimumVisualStudioVersion = 10.0.40219.1
Project("{FAE04EC0-301F-11D3-BF4B-00C04F79EFBC}") = "ShebaFormTest", "ShebaFormTest\ShebaFormTest.csproj", "{EDA850C8-A174-480F-91B4-68AA98A065B3}"
EndProject
Global
	GlobalSection(SolutionConfigurationPlatforms) = preSolution
		Debug|Any CPU = Debug|Any CPU
		Release|Any CPU = Release|Any CPU
	EndGlobalSection
	GlobalSection(ProjectConfigurationPlatforms) = postSolution
		{EDA850C8-A174-480F-91B4-68AA98A065B3}.Debug|Any CPU.ActiveCfg = Debug|Any CPU
		{EDA850C8-A174-480F-91B4-68AA98A065B3}.Debug|Any CPU.Build.0 = Debug|Any CPU
		{EDA850C8-A174-480F-91B4-68AA98A065B3}.Release|Any CPU.ActiveCfg = Release|Any CPU
		{EDA850C8-A174-480F-91B4-68AA98A065B3}.Release|Any CPU.Build.0 = Release|Any CPU
	EndGlobalSection
	GlobalSection(SolutionProperties) = preSolution
		HideSolutionNode = FALSE
	EndGlobalSection
	GlobalSection(ExtensibilityGlobals) = postSolution
		SolutionGuid = {BC2BEE64-22C0-4CD1-B3F6-BD9C1D213CE9}
	EndGlobalSection
EndGlobal
